
Microsoft Visual Studio Solution File, Format Version 10.00
# Visual C++ Express 2008
Project("{8BC9CEB8-8B4A-11D0-8D11-00A0C91BC942}") = "PELICANS ExamplesOfApplication", "examplesofapplication.vcproj", "{6FA01FC6-79C8-4DE3-B46C-249B3B99B5B6}"
	ProjectSection(ProjectDependencies) = postProject
		{61C26570-43A2-424F-819D-A11553E4C693} = {61C26570-43A2-424F-819D-A11553E4C693}
	EndProjectSection
EndProject
Project("{8BC9CEB8-8B4A-11D0-8D11-00A0C91BC942}") = "PELICANS FrameWork Dynamic Library", "pelicans.vcproj", "{61C26570-43A2-424F-819D-A11553E4C693}"
EndProject
Global
	GlobalSection(SolutionConfigurationPlatforms) = preSolution
		exe0 (lib0)|Win32 = exe0 (lib0)|Win32
		exe1 (lib1)|Win32 = exe1 (lib1)|Win32
		exe2 (lib2)|Win32 = exe2 (lib2)|Win32
		exeg (libg)|Win32 = exeg (libg)|Win32
		lib0|Win32 = lib0|Win32
		lib1|Win32 = lib1|Win32
		lib2|Win32 = lib2|Win32
		libg|Win32 = libg|Win32
	EndGlobalSection
	GlobalSection(ProjectConfigurationPlatforms) = postSolution
		{6FA01FC6-79C8-4DE3-B46C-249B3B99B5B6}.exe0 (lib0)|Win32.ActiveCfg = exe0 (lib0)|Win32
		{6FA01FC6-79C8-4DE3-B46C-249B3B99B5B6}.exe0 (lib0)|Win32.Build.0 = exe0 (lib0)|Win32
		{6FA01FC6-79C8-4DE3-B46C-249B3B99B5B6}.exe1 (lib1)|Win32.ActiveCfg = exe1 (lib1)|Win32
		{6FA01FC6-79C8-4DE3-B46C-249B3B99B5B6}.exe1 (lib1)|Win32.Build.0 = exe1 (lib1)|Win32
		{6FA01FC6-79C8-4DE3-B46C-249B3B99B5B6}.exe2 (lib2)|Win32.ActiveCfg = exe2 (lib2)|Win32
		{6FA01FC6-79C8-4DE3-B46C-249B3B99B5B6}.exe2 (lib2)|Win32.Build.0 = exe2 (lib2)|Win32
		{6FA01FC6-79C8-4DE3-B46C-249B3B99B5B6}.exeg (libg)|Win32.ActiveCfg = exeg (libg)|Win32
		{6FA01FC6-79C8-4DE3-B46C-249B3B99B5B6}.exeg (libg)|Win32.Build.0 = exeg (libg)|Win32
		{6FA01FC6-79C8-4DE3-B46C-249B3B99B5B6}.lib0|Win32.ActiveCfg = exe2 (lib2)|Win32
		{6FA01FC6-79C8-4DE3-B46C-249B3B99B5B6}.lib0|Win32.Build.0 = exe2 (lib2)|Win32
		{6FA01FC6-79C8-4DE3-B46C-249B3B99B5B6}.lib1|Win32.ActiveCfg = exe2 (lib2)|Win32
		{6FA01FC6-79C8-4DE3-B46C-249B3B99B5B6}.lib1|Win32.Build.0 = exe2 (lib2)|Win32
		{6FA01FC6-79C8-4DE3-B46C-249B3B99B5B6}.lib2|Win32.ActiveCfg = exe2 (lib2)|Win32
		{6FA01FC6-79C8-4DE3-B46C-249B3B99B5B6}.lib2|Win32.Build.0 = exe2 (lib2)|Win32
		{6FA01FC6-79C8-4DE3-B46C-249B3B99B5B6}.libg|Win32.ActiveCfg = exeg (libg)|Win32
		{6FA01FC6-79C8-4DE3-B46C-249B3B99B5B6}.libg|Win32.Build.0 = exeg (libg)|Win32
		{61C26570-43A2-424F-819D-A11553E4C693}.exe0 (lib0)|Win32.ActiveCfg = lib0|Win32
		{61C26570-43A2-424F-819D-A11553E4C693}.exe0 (lib0)|Win32.Build.0 = lib0|Win32
		{61C26570-43A2-424F-819D-A11553E4C693}.exe1 (lib1)|Win32.ActiveCfg = lib1|Win32
		{61C26570-43A2-424F-819D-A11553E4C693}.exe1 (lib1)|Win32.Build.0 = lib1|Win32
		{61C26570-43A2-424F-819D-A11553E4C693}.exe2 (lib2)|Win32.ActiveCfg = lib2|Win32
		{61C26570-43A2-424F-819D-A11553E4C693}.exe2 (lib2)|Win32.Build.0 = lib2|Win32
		{61C26570-43A2-424F-819D-A11553E4C693}.exeg (libg)|Win32.ActiveCfg = libg|Win32
		{61C26570-43A2-424F-819D-A11553E4C693}.exeg (libg)|Win32.Build.0 = libg|Win32
		{61C26570-43A2-424F-819D-A11553E4C693}.lib0|Win32.ActiveCfg = lib0|Win32
		{61C26570-43A2-424F-819D-A11553E4C693}.lib0|Win32.Build.0 = lib0|Win32
		{61C26570-43A2-424F-819D-A11553E4C693}.lib1|Win32.ActiveCfg = lib1|Win32
		{61C26570-43A2-424F-819D-A11553E4C693}.lib1|Win32.Build.0 = lib1|Win32
		{61C26570-43A2-424F-819D-A11553E4C693}.lib2|Win32.ActiveCfg = lib2|Win32
		{61C26570-43A2-424F-819D-A11553E4C693}.lib2|Win32.Build.0 = lib2|Win32
		{61C26570-43A2-424F-819D-A11553E4C693}.libg|Win32.ActiveCfg = libg|Win32
		{61C26570-43A2-424F-819D-A11553E4C693}.libg|Win32.Build.0 = libg|Win32
	EndGlobalSection
	GlobalSection(SolutionProperties) = preSolution
		HideSolutionNode = FALSE
	EndGlobalSection
EndGlobal
